
Microsoft Visual Studio Solution File, Format Version 12.00
# Visual Studio Version 17
VisualStudioVersion = 17.10.35201.131
MinimumVisualStudioVersion = 10.0.40219.1
Project("{2150E333-8FDC-42A3-9474-1A3956D46DE8}") = "src", "src", "{4E1F3F0A-E9AD-46B0-A10D-BF2D760C013C}"
EndProject
Project("{9A19103F-16F7-4668-BE54-9A1E7A4F7556}") = "ConsoleApp", "src\ConsoleApp\ConsoleApp.csproj", "{FAB977DD-10C9-42AE-9908-93F1D5F2AFE7}"
EndProject
Project("{9A19103F-16F7-4668-BE54-9A1E7A4F7556}") = "WebApi", "src\WebApi\WebApi.csproj", "{2BEB5A38-37D1-4BC7-9A01-7E08410CAAB7}"
EndProject
Project("{E53339B2-1760-4266-BCC7-CA923CBCF16C}") = "docker-compose", "docker-compose.dcproj", "{6E2A8231-EE39-4729-8163-7131CAC8C1BB}"
EndProject
Project("{9A19103F-16F7-4668-BE54-9A1E7A4F7556}") = "GrpcService", "src\GrpcService\GrpcService.csproj", "{C0A00E81-16A2-4A36-B431-22A46B03CF96}"
EndProject
Project("{2150E333-8FDC-42A3-9474-1A3956D46DE8}") = "Solution Items", "Solution Items", "{6D04C8C3-658E-47B1-9B4F-3874AF38CBA8}"
	ProjectSection(SolutionItems) = preProject
		grafana.datasources.yml = grafana.datasources.yml
		prometheus.yml = prometheus.yml
	EndProjectSection
EndProject
Global
	GlobalSection(SolutionConfigurationPlatforms) = preSolution
		Debug|Any CPU = Debug|Any CPU
		Release|Any CPU = Release|Any CPU
	EndGlobalSection
	GlobalSection(ProjectConfigurationPlatforms) = postSolution
		{FAB977DD-10C9-42AE-9908-93F1D5F2AFE7}.Debug|Any CPU.ActiveCfg = Debug|Any CPU
		{FAB977DD-10C9-42AE-9908-93F1D5F2AFE7}.Debug|Any CPU.Build.0 = Debug|Any CPU
		{FAB977DD-10C9-42AE-9908-93F1D5F2AFE7}.Release|Any CPU.ActiveCfg = Release|Any CPU
		{FAB977DD-10C9-42AE-9908-93F1D5F2AFE7}.Release|Any CPU.Build.0 = Release|Any CPU
		{2BEB5A38-37D1-4BC7-9A01-7E08410CAAB7}.Debug|Any CPU.ActiveCfg = Debug|Any CPU
		{2BEB5A38-37D1-4BC7-9A01-7E08410CAAB7}.Debug|Any CPU.Build.0 = Debug|Any CPU
		{2BEB5A38-37D1-4BC7-9A01-7E08410CAAB7}.Release|Any CPU.ActiveCfg = Release|Any CPU
		{2BEB5A38-37D1-4BC7-9A01-7E08410CAAB7}.Release|Any CPU.Build.0 = Release|Any CPU
		{6E2A8231-EE39-4729-8163-7131CAC8C1BB}.Debug|Any CPU.ActiveCfg = Debug|Any CPU
		{6E2A8231-EE39-4729-8163-7131CAC8C1BB}.Debug|Any CPU.Build.0 = Debug|Any CPU
		{6E2A8231-EE39-4729-8163-7131CAC8C1BB}.Release|Any CPU.ActiveCfg = Release|Any CPU
		{6E2A8231-EE39-4729-8163-7131CAC8C1BB}.Release|Any CPU.Build.0 = Release|Any CPU
		{C0A00E81-16A2-4A36-B431-22A46B03CF96}.Debug|Any CPU.ActiveCfg = Debug|Any CPU
		{C0A00E81-16A2-4A36-B431-22A46B03CF96}.Debug|Any CPU.Build.0 = Debug|Any CPU
		{C0A00E81-16A2-4A36-B431-22A46B03CF96}.Release|Any CPU.ActiveCfg = Release|Any CPU
		{C0A00E81-16A2-4A36-B431-22A46B03CF96}.Release|Any CPU.Build.0 = Release|Any CPU
	EndGlobalSection
	GlobalSection(SolutionProperties) = preSolution
		HideSolutionNode = FALSE
	EndGlobalSection
	GlobalSection(NestedProjects) = preSolution
		{FAB977DD-10C9-42AE-9908-93F1D5F2AFE7} = {4E1F3F0A-E9AD-46B0-A10D-BF2D760C013C}
		{2BEB5A38-37D1-4BC7-9A01-7E08410CAAB7} = {4E1F3F0A-E9AD-46B0-A10D-BF2D760C013C}
		{C0A00E81-16A2-4A36-B431-22A46B03CF96} = {4E1F3F0A-E9AD-46B0-A10D-BF2D760C013C}
	EndGlobalSection
	GlobalSection(ExtensibilityGlobals) = postSolution
		SolutionGuid = {CC327FE6-8E79-4EF4-9A7B-96EE5FB6CD09}
	EndGlobalSection
EndGlobal
